{
  "name": "portfolio-site",
  "version": "1.0.0",
  "lockfileVersion": 1,
  "requires": true,
  "dependencies": {
    "normalize.css": {
      "version": "8.0.1",
      "resolved": "https://registry.npmjs.org/normalize.css/-/normalize.css-8.0.1.tgz",
      "integrity": "sha512-qizSNPO93t1YUuUhP22btGOo3chcvDFqFaj2TRybP0DMxkHOCTYwp3n34fel4a31ORXy4m1Xq0Gyqpb5m33qIg=="
    },
    "stickybits": {
      "version": "3.6.5",
      "resolved": "https://registry.npmjs.org/stickybits/-/stickybits-3.6.5.tgz",
      "integrity": "sha512-mp8ZFuxaftWhn/2hC3cbEpXDjFPhtnsyrtbfhsgXCSaqSqSyCv1QtDFr935l4b+MV36+zu9LXeF9d51+dD+49g==",
      "dev": true
    }
  }
}
